// !$*UTF8*$!
{
	archiveVersion = 1;
	classes = {
	};
	objectVersion = 50;
	objects = {

/* Begin PBXBuildFile section */
		6BF3A8852187F4F100D1FD64 /* AppDelegate.m in Sources */ = {isa = PBXBuildFile; fileRef = 6BF3A8842187F4F100D1FD64 /* AppDelegate.m */; };
		6BF3A8882187F4F100D1FD64 /* ViewController.m in Sources */ = {isa = PBXBuildFile; fileRef = 6BF3A8872187F4F100D1FD64 /* ViewController.m */; };
		6BF3A88B2187F4F100D1FD64 /* Main.storyboard in Resources */ = {isa = PBXBuildFile; fileRef = 6BF3A8892187F4F100D1FD64 /* Main.storyboard */; };
		6BF3A88D2187F4F300D1FD64 /* Assets.xcassets in Resources */ = {isa = PBXBuildFile; fileRef = 6BF3A88C2187F4F300D1FD64 /* Assets.xcassets */; };
		6BF3A8902187F4F300D1FD64 /* LaunchScreen.storyboard in Resources */ = {isa = PBXBuildFile; fileRef = 6BF3A88E2187F4F300D1FD64 /* LaunchScreen.storyboard */; };
		6BF3A8932187F4F300D1FD64 /* main.m in Sources */ = {isa = PBXBuildFile; fileRef = 6BF3A8922187F4F300D1FD64 /* main.m */; };
		6BF3A89A2187F55900D1FD64 /* Podfile in Resources */ = {isa = PBXBuildFile; fileRef = 6BF3A8992187F55900D1FD64 /* Podfile */; };
		6BF3A8B62187F76E00D1FD64 /* Min. Icon@3x.png in Resources */ = {isa = PBXBuildFile; fileRef = 6BF3A89F2187F76E00D1FD64 /* Min. Icon@3x.png */; };
		6BF3A8B72187F76E00D1FD64 /* Min. Icon.png in Resources */ = {isa = PBXBuildFile; fileRef = 6BF3A8A02187F76E00D1FD64 /* Min. Icon.png */; };
		6BF3A8B82187F76E00D1FD64 /* Full Screen Icon@3x.png in Resources */ = {isa = PBXBuildFile; fileRef = 6BF3A8A12187F76E00D1FD64 /* Full Screen Icon@3x.png */; };
		6BF3A8B92187F76E00D1FD64 /* Full Screen Icon@2x.png in Resources */ = {isa = PBXBuildFile; fileRef = 6BF3A8A22187F76E00D1FD64 /* Full Screen Icon@2x.png */; };
		6BF3A8BA2187F76E00D1FD64 /* Sound Icon.png in Resources */ = {isa = PBXBuildFile; fileRef = 6BF3A8A32187F76E00D1FD64 /* Sound Icon.png */; };
		6BF3A8BB2187F76E00D1FD64 /* Min. Icon@2x.png in Resources */ = {isa = PBXBuildFile; fileRef = 6BF3A8A42187F76E00D1FD64 /* Min. Icon@2x.png */; };
		6BF3A8BC2187F76E00D1FD64 /* Video Bg.png in Resources */ = {isa = PBXBuildFile; fileRef = 6BF3A8A52187F76E00D1FD64 /* Video Bg.png */; };
		6BF3A8BD2187F76E00D1FD64 /* Pause Icon@3x.png in Resources */ = {isa = PBXBuildFile; fileRef = 6BF3A8A62187F76E00D1FD64 /* Pause Icon@3x.png */; };
		6BF3A8BE2187F76E00D1FD64 /* Video Bg@2x.png in Resources */ = {isa = PBXBuildFile; fileRef = 6BF3A8A72187F76E00D1FD64 /* Video Bg@2x.png */; };
		6BF3A8BF2187F76E00D1FD64 /* Video Bg@3x.png in Resources */ = {isa = PBXBuildFile; fileRef = 6BF3A8A82187F76E00D1FD64 /* Video Bg@3x.png */; };
		6BF3A8C02187F76E00D1FD64 /* Pause Icon@2x.png in Resources */ = {isa = PBXBuildFile; fileRef = 6BF3A8A92187F76E00D1FD64 /* Pause Icon@2x.png */; };
		6BF3A8C12187F76E00D1FD64 /* Sound Icon@3x.png in Resources */ = {isa = PBXBuildFile; fileRef = 6BF3A8AA2187F76E00D1FD64 /* Sound Icon@3x.png */; };
		6BF3A8C22187F76E00D1FD64 /* Player close@2x.png in Resources */ = {isa = PBXBuildFile; fileRef = 6BF3A8AB2187F76E00D1FD64 /* Player close@2x.png */; };
		6BF3A8C32187F76E00D1FD64 /* Player close@3x.png in Resources */ = {isa = PBXBuildFile; fileRef = 6BF3A8AC2187F76E00D1FD64 /* Player close@3x.png */; };
		6BF3A8C42187F76E00D1FD64 /* Sound Icon@2x.png in Resources */ = {isa = PBXBuildFile; fileRef = 6BF3A8AD2187F76E00D1FD64 /* Sound Icon@2x.png */; };
		6BF3A8C52187F76E00D1FD64 /* Play Icon.png in Resources */ = {isa = PBXBuildFile; fileRef = 6BF3A8AE2187F76E00D1FD64 /* Play Icon.png */; };
		6BF3A8C62187F76E00D1FD64 /* Player Control Nob@2x.png in Resources */ = {isa = PBXBuildFile; fileRef = 6BF3A8AF2187F76E00D1FD64 /* Player Control Nob@2x.png */; };
		6BF3A8C72187F76E00D1FD64 /* Play Icon@2x.png in Resources */ = {isa = PBXBuildFile; fileRef = 6BF3A8B02187F76E00D1FD64 /* Play Icon@2x.png */; };
		6BF3A8C82187F76E00D1FD64 /* Player Control Nob.png in Resources */ = {isa = PBXBuildFile; fileRef = 6BF3A8B12187F76E00D1FD64 /* Player Control Nob.png */; };
		6BF3A8C92187F76E00D1FD64 /* Pause Icon.png in Resources */ = {isa = PBXBuildFile; fileRef = 6BF3A8B22187F76E00D1FD64 /* Pause Icon.png */; };
		6BF3A8CA2187F76E00D1FD64 /* Play Icon@3x.png in Resources */ = {isa = PBXBuildFile; fileRef = 6BF3A8B32187F76E00D1FD64 /* Play Icon@3x.png */; };
		6BF3A8CB2187F76E00D1FD64 /* Player Control Nob@3x.png in Resources */ = {isa = PBXBuildFile; fileRef = 6BF3A8B42187F76E00D1FD64 /* Player Control Nob@3x.png */; };
		6BF3A8CC2187F76E00D1FD64 /* Full Screen Icon.png in Resources */ = {isa = PBXBuildFile; fileRef = 6BF3A8B52187F76E00D1FD64 /* Full Screen Icon.png */; };
		6BF3A8CF2187F77800D1FD64 /* 02.mov in Resources */ = {isa = PBXBuildFile; fileRef = 6BF3A8CE2187F77800D1FD64 /* 02.mov */; };
		6BF3A8D22187F7EB00D1FD64 /* LocalViewController.m in Sources */ = {isa = PBXBuildFile; fileRef = 6BF3A8D12187F7EB00D1FD64 /* LocalViewController.m */; };
		6BF3A8D52187F7F900D1FD64 /* RemoteViewController.m in Sources */ = {isa = PBXBuildFile; fileRef = 6BF3A8D42187F7F900D1FD64 /* RemoteViewController.m */; };
		6BF3A8DD2187F85400D1FD64 /* MRVLCPlayer.mm in Sources */ = {isa = PBXBuildFile; fileRef = 6BF3A8D72187F85400D1FD64 /* MRVLCPlayer.mm */; };
		6BF3A8DE2187F85400D1FD64 /* MRVideoControlView.m in Sources */ = {isa = PBXBuildFile; fileRef = 6BF3A8DA2187F85400D1FD64 /* MRVideoControlView.m */; };
		6BF3A8DF2187F85400D1FD64 /* MRVideoHUDView.m in Sources */ = {isa = PBXBuildFile; fileRef = 6BF3A8DC2187F85400D1FD64 /* MRVideoHUDView.m */; };
		BE33B99FA2E2628FF4587911 /* libPods-MRVLCPlayer.a in Frameworks */ = {isa = PBXBuildFile; fileRef = 0A658E43021D5151177E3E45 /* libPods-MRVLCPlayer.a */; };
/* End PBXBuildFile section */

/* Begin PBXFileReference section */
		0A658E43021D5151177E3E45 /* libPods-MRVLCPlayer.a */ = {isa = PBXFileReference; explicitFileType = archive.ar; includeInIndex = 0; path = "libPods-MRVLCPlayer.a"; sourceTree = BUILT_PRODUCTS_DIR; };
		4ED44B7E517D5AE83F6759B9 /* Pods-MRVLCPlayer.debug.xcconfig */ = {isa = PBXFileReference; includeInIndex = 1; lastKnownFileType = text.xcconfig; name = "Pods-MRVLCPlayer.debug.xcconfig"; path = "Pods/Target Support Files/Pods-MRVLCPlayer/Pods-MRVLCPlayer.debug.xcconfig"; sourceTree = "<group>"; };
		527384A787AB569CBEA7BDC6 /* Pods-MRVLCPlayer.release.xcconfig */ = {isa = PBXFileReference; includeInIndex = 1; lastKnownFileType = text.xcconfig; name = "Pods-MRVLCPlayer.release.xcconfig"; path = "Pods/Target Support Files/Pods-MRVLCPlayer/Pods-MRVLCPlayer.release.xcconfig"; sourceTree = "<group>"; };
		6BF3A8802187F4F100D1FD64 /* MRVLCPlayer.app */ = {isa = PBXFileReference; explicitFileType = wrapper.application; includeInIndex = 0; path = MRVLCPlayer.app; sourceTree = BUILT_PRODUCTS_DIR; };
		6BF3A8832187F4F100D1FD64 /* AppDelegate.h */ = {isa = PBXFileReference; lastKnownFileType = sourcecode.c.h; path = AppDelegate.h; sourceTree = "<group>"; };
		6BF3A8842187F4F100D1FD64 /* AppDelegate.m */ = {isa = PBXFileReference; lastKnownFileType = sourcecode.c.objc; path = AppDelegate.m; sourceTree = "<group>"; };
		6BF3A8862187F4F100D1FD64 /* ViewController.h */ = {isa = PBXFileReference; lastKnownFileType = sourcecode.c.h; path = ViewController.h; sourceTree = "<group>"; };
		6BF3A8872187F4F100D1FD64 /* ViewController.m */ = {isa = PBXFileReference; lastKnownFileType = sourcecode.c.objc; path = ViewController.m; sourceTree = "<group>"; };
		6BF3A88A2187F4F100D1FD64 /* Base */ = {isa = PBXFileReference; lastKnownFileType = file.storyboard; name = Base; path = Base.lproj/Main.storyboard; sourceTree = "<group>"; };
		6BF3A88C2187F4F300D1FD64 /* Assets.xcassets */ = {isa = PBXFileReference; lastKnownFileType = folder.assetcatalog; path = Assets.xcassets; sourceTree = "<group>"; };
		6BF3A88F2187F4F300D1FD64 /* Base */ = {isa = PBXFileReference; lastKnownFileType = file.storyboard; name = Base; path = Base.lproj/LaunchScreen.storyboard; sourceTree = "<group>"; };
		6BF3A8912187F4F300D1FD64 /* Info.plist */ = {isa = PBXFileReference; lastKnownFileType = text.plist.xml; path = Info.plist; sourceTree = "<group>"; };
		6BF3A8922187F4F300D1FD64 /* main.m */ = {isa = PBXFileReference; lastKnownFileType = sourcecode.c.objc; path = main.m; sourceTree = "<group>"; };
		6BF3A8992187F55900D1FD64 /* Podfile */ = {isa = PBXFileReference; lastKnownFileType = text; path = Podfile; sourceTree = "<group>"; };
		6BF3A89F2187F76E00D1FD64 /* Min. Icon@3x.png */ = {isa = PBXFileReference; lastKnownFileType = image.png; path = "Min. Icon@3x.png"; sourceTree = "<group>"; };
		6BF3A8A02187F76E00D1FD64 /* Min. Icon.png */ = {isa = PBXFileReference; lastKnownFileType = image.png; path = "Min. Icon.png"; sourceTree = "<group>"; };
		6BF3A8A12187F76E00D1FD64 /* Full Screen Icon@3x.png */ = {isa = PBXFileReference; lastKnownFileType = image.png; path = "Full Screen Icon@3x.png"; sourceTree = "<group>"; };
		6BF3A8A22187F76E00D1FD64 /* Full Screen Icon@2x.png */ = {isa = PBXFileReference; lastKnownFileType = image.png; path = "Full Screen Icon@2x.png"; sourceTree = "<group>"; };
		6BF3A8A32187F76E00D1FD64 /* Sound Icon.png */ = {isa = PBXFileReference; lastKnownFileType = image.png; path = "Sound Icon.png"; sourceTree = "<group>"; };
		6BF3A8A42187F76E00D1FD64 /* Min. Icon@2x.png */ = {isa = PBXFileReference; lastKnownFileType = image.png; path = "Min. Icon@2x.png"; sourceTree = "<group>"; };
		6BF3A8A52187F76E00D1FD64 /* Video Bg.png */ = {isa = PBXFileReference; lastKnownFileType = image.png; path = "Video Bg.png"; sourceTree = "<group>"; };
		6BF3A8A62187F76E00D1FD64 /* Pause Icon@3x.png */ = {isa = PBXFileReference; lastKnownFileType = image.png; path = "Pause Icon@3x.png"; sourceTree = "<group>"; };
		6BF3A8A72187F76E00D1FD64 /* Video Bg@2x.png */ = {isa = PBXFileReference; lastKnownFileType = image.png; path = "Video Bg@2x.png"; sourceTree = "<group>"; };
		6BF3A8A82187F76E00D1FD64 /* Video Bg@3x.png */ = {isa = PBXFileReference; lastKnownFileType = image.png; path = "Video Bg@3x.png"; sourceTree = "<group>"; };
		6BF3A8A92187F76E00D1FD64 /* Pause Icon@2x.png */ = {isa = PBXFileReference; lastKnownFileType = image.png; path = "Pause Icon@2x.png"; sourceTree = "<group>"; };
		6BF3A8AA2187F76E00D1FD64 /* Sound Icon@3x.png */ = {isa = PBXFileReference; lastKnownFileType = image.png; path = "Sound Icon@3x.png"; sourceTree = "<group>"; };
		6BF3A8AB2187F76E00D1FD64 /* Player close@2x.png */ = {isa = PBXFileReference; lastKnownFileType = image.png; path = "Player close@2x.png"; sourceTree = "<group>"; };
		6BF3A8AC2187F76E00D1FD64 /* Player close@3x.png */ = {isa = PBXFileReference; lastKnownFileType = image.png; path = "Player close@3x.png"; sourceTree = "<group>"; };
		6BF3A8AD2187F76E00D1FD64 /* Sound Icon@2x.png */ = {isa = PBXFileReference; lastKnownFileType = image.png; path = "Sound Icon@2x.png"; sourceTree = "<group>"; };
		6BF3A8AE2187F76E00D1FD64 /* Play Icon.png */ = {isa = PBXFileReference; lastKnownFileType = image.png; path = "Play Icon.png"; sourceTree = "<group>"; };
		6BF3A8AF2187F76E00D1FD64 /* Player Control Nob@2x.png */ = {isa = PBXFileReference; lastKnownFileType = image.png; path = "Player Control Nob@2x.png"; sourceTree = "<group>"; };
		6BF3A8B02187F76E00D1FD64 /* Play Icon@2x.png */ = {isa = PBXFileReference; lastKnownFileType = image.png; path = "Play Icon@2x.png"; sourceTree = "<group>"; };
		6BF3A8B12187F76E00D1FD64 /* Player Control Nob.png */ = {isa = PBXFileReference; lastKnownFileType = image.png; path = "Player Control Nob.png"; sourceTree = "<group>"; };
		6BF3A8B22187F76E00D1FD64 /* Pause Icon.png */ = {isa = PBXFileReference; lastKnownFileType = image.png; path = "Pause Icon.png"; sourceTree = "<group>"; };
		6BF3A8B32187F76E00D1FD64 /* Play Icon@3x.png */ = {isa = PBXFileReference; lastKnownFileType = image.png; path = "Play Icon@3x.png"; sourceTree = "<group>"; };
		6BF3A8B42187F76E00D1FD64 /* Player Control Nob@3x.png */ = {isa = PBXFileReference; lastKnownFileType = image.png; path = "Player Control Nob@3x.png"; sourceTree = "<group>"; };
		6BF3A8B52187F76E00D1FD64 /* Full Screen Icon.png */ = {isa = PBXFileReference; lastKnownFileType = image.png; path = "Full Screen Icon.png"; sourceTree = "<group>"; };
		6BF3A8CE2187F77800D1FD64 /* 02.mov */ = {isa = PBXFileReference; lastKnownFileType = video.quicktime; path = 02.mov; sourceTree = "<group>"; };
		6BF3A8D02187F7EB00D1FD64 /* LocalViewController.h */ = {isa = PBXFileReference; lastKnownFileType = sourcecode.c.h; path = LocalViewController.h; sourceTree = "<group>"; };
		6BF3A8D12187F7EB00D1FD64 /* LocalViewController.m */ = {isa = PBXFileReference; lastKnownFileType = sourcecode.c.objc; path = LocalViewController.m; sourceTree = "<group>"; };
		6BF3A8D32187F7F900D1FD64 /* RemoteViewController.h */ = {isa = PBXFileReference; lastKnownFileType = sourcecode.c.h; path = RemoteViewController.h; sourceTree = "<group>"; };
		6BF3A8D42187F7F900D1FD64 /* RemoteViewController.m */ = {isa = PBXFileReference; lastKnownFileType = sourcecode.c.objc; path = RemoteViewController.m; sourceTree = "<group>"; };
		6BF3A8D62187F85400D1FD64 /* MRVLCPlayer.h */ = {isa = PBXFileReference; fileEncoding = 4; lastKnownFileType = sourcecode.c.h; path = MRVLCPlayer.h; sourceTree = "<group>"; };
		6BF3A8D72187F85400D1FD64 /* MRVLCPlayer.mm */ = {isa = PBXFileReference; fileEncoding = 4; lastKnownFileType = sourcecode.cpp.objcpp; path = MRVLCPlayer.mm; sourceTree = "<group>"; };
		6BF3A8D82187F85400D1FD64 /* MRVideoHUDView.h */ = {isa = PBXFileReference; fileEncoding = 4; lastKnownFileType = sourcecode.c.h; path = MRVideoHUDView.h; sourceTree = "<group>"; };
		6BF3A8D92187F85400D1FD64 /* MRVideoConst.h */ = {isa = PBXFileReference; fileEncoding = 4; lastKnownFileType = sourcecode.c.h; path = MRVideoConst.h; sourceTree = "<group>"; };
		6BF3A8DA2187F85400D1FD64 /* MRVideoControlView.m */ = {isa = PBXFileReference; fileEncoding = 4; lastKnownFileType = sourcecode.c.objc; path = MRVideoControlView.m; sourceTree = "<group>"; };
		6BF3A8DB2187F85400D1FD64 /* MRVideoControlView.h */ = {isa = PBXFileReference; fileEncoding = 4; lastKnownFileType = sourcecode.c.h; path = MRVideoControlView.h; sourceTree = "<group>"; };
		6BF3A8DC2187F85400D1FD64 /* MRVideoHUDView.m */ = {isa = PBXFileReference; fileEncoding = 4; lastKnownFileType = sourcecode.c.objc; path = MRVideoHUDView.m; sourceTree = "<group>"; };
/* End PBXFileReference section */

/* Begin PBXFrameworksBuildPhase section */
		6BF3A87D2187F4F100D1FD64 /* Frameworks */ = {
			isa = PBXFrameworksBuildPhase;
			buildActionMask = 2147483647;
			files = (
				BE33B99FA2E2628FF4587911 /* libPods-MRVLCPlayer.a in Frameworks */,
			);
			runOnlyForDeploymentPostprocessing = 0;
		};
/* End PBXFrameworksBuildPhase section */

/* Begin PBXGroup section */
		42B46B2F90185D517BFE40E1 /* Pods */ = {
			isa = PBXGroup;
			children = (
				4ED44B7E517D5AE83F6759B9 /* Pods-MRVLCPlayer.debug.xcconfig */,
				527384A787AB569CBEA7BDC6 /* Pods-MRVLCPlayer.release.xcconfig */,
			);
			name = Pods;
			sourceTree = "<group>";
		};
		6BF3A8772187F4F100D1FD64 = {
			isa = PBXGroup;
			children = (
				6BF3A8992187F55900D1FD64 /* Podfile */,
				6BF3A8822187F4F100D1FD64 /* MRVLCPlayer */,
				6BF3A8812187F4F100D1FD64 /* Products */,
				42B46B2F90185D517BFE40E1 /* Pods */,
				B33192B0A5B972558FF08EFE /* Frameworks */,
			);
			sourceTree = "<group>";
		};
		6BF3A8812187F4F100D1FD64 /* Products */ = {
			isa = PBXGroup;
			children = (
				6BF3A8802187F4F100D1FD64 /* MRVLCPlayer.app */,
			);
			name = Products;
			sourceTree = "<group>";
		};
		6BF3A8822187F4F100D1FD64 /* MRVLCPlayer */ = {
			isa = PBXGroup;
			children = (
				6BF3A8CD2187F77800D1FD64 /* Resource */,
				6BF3A89E2187F76E00D1FD64 /* Asset */,
				6BF3A89B2187F62E00D1FD64 /* Classes */,
				6BF3A8832187F4F100D1FD64 /* AppDelegate.h */,
				6BF3A8842187F4F100D1FD64 /* AppDelegate.m */,
				6BF3A8862187F4F100D1FD64 /* ViewController.h */,
				6BF3A8872187F4F100D1FD64 /* ViewController.m */,
				6BF3A8D02187F7EB00D1FD64 /* LocalViewController.h */,
				6BF3A8D12187F7EB00D1FD64 /* LocalViewController.m */,
				6BF3A8D32187F7F900D1FD64 /* RemoteViewController.h */,
				6BF3A8D42187F7F900D1FD64 /* RemoteViewController.m */,
				6BF3A8892187F4F100D1FD64 /* Main.storyboard */,
				6BF3A88C2187F4F300D1FD64 /* Assets.xcassets */,
				6BF3A88E2187F4F300D1FD64 /* LaunchScreen.storyboard */,
				6BF3A8912187F4F300D1FD64 /* Info.plist */,
				6BF3A8922187F4F300D1FD64 /* main.m */,
			);
			path = MRVLCPlayer;
			sourceTree = "<group>";
		};
		6BF3A89B2187F62E00D1FD64 /* Classes */ = {
			isa = PBXGroup;
			children = (
				6BF3A8D92187F85400D1FD64 /* MRVideoConst.h */,
				6BF3A8DB2187F85400D1FD64 /* MRVideoControlView.h */,
				6BF3A8DA2187F85400D1FD64 /* MRVideoControlView.m */,
				6BF3A8D82187F85400D1FD64 /* MRVideoHUDView.h */,
				6BF3A8DC2187F85400D1FD64 /* MRVideoHUDView.m */,
				6BF3A8D62187F85400D1FD64 /* MRVLCPlayer.h */,
				6BF3A8D72187F85400D1FD64 /* MRVLCPlayer.mm */,
			);
			path = Classes;
			sourceTree = "<group>";
		};
		6BF3A89E2187F76E00D1FD64 /* Asset */ = {
			isa = PBXGroup;
			children = (
				6BF3A89F2187F76E00D1FD64 /* Min. Icon@3x.png */,
				6BF3A8A02187F76E00D1FD64 /* Min. Icon.png */,
				6BF3A8A12187F76E00D1FD64 /* Full Screen Icon@3x.png */,
				6BF3A8A22187F76E00D1FD64 /* Full Screen Icon@2x.png */,
				6BF3A8A32187F76E00D1FD64 /* Sound Icon.png */,
				6BF3A8A42187F76E00D1FD64 /* Min. Icon@2x.png */,
				6BF3A8A52187F76E00D1FD64 /* Video Bg.png */,
				6BF3A8A62187F76E00D1FD64 /* Pause Icon@3x.png */,
				6BF3A8A72187F76E00D1FD64 /* Video Bg@2x.png */,
				6BF3A8A82187F76E00D1FD64 /* Video Bg@3x.png */,
				6BF3A8A92187F76E00D1FD64 /* Pause Icon@2x.png */,
				6BF3A8AA2187F76E00D1FD64 /* Sound Icon@3x.png */,
				6BF3A8AB2187F76E00D1FD64 /* Player close@2x.png */,
				6BF3A8AC2187F76E00D1FD64 /* Player close@3x.png */,
				6BF3A8AD2187F76E00D1FD64 /* Sound Icon@2x.png */,
				6BF3A8AE2187F76E00D1FD64 /* Play Icon.png */,
				6BF3A8AF2187F76E00D1FD64 /* Player Control Nob@2x.png */,
				6BF3A8B02187F76E00D1FD64 /* Play Icon@2x.png */,
				6BF3A8B12187F76E00D1FD64 /* Player Control Nob.png */,
				6BF3A8B22187F76E00D1FD64 /* Pause Icon.png */,
				6BF3A8B32187F76E00D1FD64 /* Play Icon@3x.png */,
				6BF3A8B42187F76E00D1FD64 /* Player Control Nob@3x.png */,
				6BF3A8B52187F76E00D1FD64 /* Full Screen Icon.png */,
			);
			path = Asset;
			sourceTree = "<group>";
		};
		6BF3A8CD2187F77800D1FD64 /* Resource */ = {
			isa = PBXGroup;
			children = (
				6BF3A8CE2187F77800D1FD64 /* 02.mov */,
			);
			path = Resource;
			sourceTree = "<group>";
		};
		B33192B0A5B972558FF08EFE /* Frameworks */ = {
			isa = PBXGroup;
			children = (
				0A658E43021D5151177E3E45 /* libPods-MRVLCPlayer.a */,
			);
			name = Frameworks;
			sourceTree = "<group>";
		};
/* End PBXGroup section */

/* Begin PBXNativeTarget section */
		6BF3A87F2187F4F100D1FD64 /* MRVLCPlayer */ = {
			isa = PBXNativeTarget;
			buildConfigurationList = 6BF3A8962187F4F300D1FD64 /* Build configuration list for PBXNativeTarget "MRVLCPlayer" */;
			buildPhases = (
				CD2904D2DA00F097A500A122 /* [CP] Check Pods Manifest.lock */,
				6BF3A87C2187F4F100D1FD64 /* Sources */,
				6BF3A87D2187F4F100D1FD64 /* Frameworks */,
				6BF3A87E2187F4F100D1FD64 /* Resources */,
			);
			buildRules = (
			);
			dependencies = (
			);
			name = MRVLCPlayer;
			productName = MRVLCPlayer;
			productReference = 6BF3A8802187F4F100D1FD64 /* MRVLCPlayer.app */;
			productType = "com.apple.product-type.application";
		};
/* End PBXNativeTarget section */

/* Begin PBXProject section */
		6BF3A8782187F4F100D1FD64 /* Project object */ = {
			isa = PBXProject;
			attributes = {
				LastUpgradeCheck = 1000;
				ORGANIZATIONNAME = juntuo;
				TargetAttributes = {
					6BF3A87F2187F4F100D1FD64 = {
						CreatedOnToolsVersion = 10.0;
					};
				};
			};
			buildConfigurationList = 6BF3A87B2187F4F100D1FD64 /* Build configuration list for PBXProject "MRVLCPlayer" */;
			compatibilityVersion = "Xcode 9.3";
			developmentRegion = en;
			hasScannedForEncodings = 0;
			knownRegions = (
				en,
				Base,
			);
			mainGroup = 6BF3A8772187F4F100D1FD64;
			productRefGroup = 6BF3A8812187F4F100D1FD64 /* Products */;
			projectDirPath = "";
			projectRoot = "";
			targets = (
				6BF3A87F2187F4F100D1FD64 /* MRVLCPlayer */,
			);
		};
/* End PBXProject section */

/* Begin PBXResourcesBuildPhase section */
		6BF3A87E2187F4F100D1FD64 /* Resources */ = {
			isa = PBXResourcesBuildPhase;
			buildActionMask = 2147483647;
			files = (
				6BF3A8C92187F76E00D1FD64 /* Pause Icon.png in Resources */,
				6BF3A8C62187F76E00D1FD64 /* Player Control Nob@2x.png in Resources */,
				6BF3A8B92187F76E00D1FD64 /* Full Screen Icon@2x.png in Resources */,
				6BF3A8C12187F76E00D1FD64 /* Sound Icon@3x.png in Resources */,
				6BF3A8C82187F76E00D1FD64 /* Player Control Nob.png in Resources */,
				6BF3A8C32187F76E00D1FD64 /* Player close@3x.png in Resources */,
				6BF3A8CB2187F76E00D1FD64 /* Player Control Nob@3x.png in Resources */,
				6BF3A8BF2187F76E00D1FD64 /* Video Bg@3x.png in Resources */,
				6BF3A8CC2187F76E00D1FD64 /* Full Screen Icon.png in Resources */,
				6BF3A8902187F4F300D1FD64 /* LaunchScreen.storyboard in Resources */,
				6BF3A8CA2187F76E00D1FD64 /* Play Icon@3x.png in Resources */,
				6BF3A8B62187F76E00D1FD64 /* Min. Icon@3x.png in Resources */,
				6BF3A8CF2187F77800D1FD64 /* 02.mov in Resources */,
				6BF3A8C02187F76E00D1FD64 /* Pause Icon@2x.png in Resources */,
				6BF3A8C52187F76E00D1FD64 /* Play Icon.png in Resources */,
				6BF3A88D2187F4F300D1FD64 /* Assets.xcassets in Resources */,
				6BF3A89A2187F55900D1FD64 /* Podfile in Resources */,
				6BF3A88B2187F4F100D1FD64 /* Main.storyboard in Resources */,
				6BF3A8C22187F76E00D1FD64 /* Player close@2x.png in Resources */,
				6BF3A8BC2187F76E00D1FD64 /* Video Bg.png in Resources */,
				6BF3A8C72187F76E00D1FD64 /* Play Icon@2x.png in Resources */,
				6BF3A8BB2187F76E00D1FD64 /* Min. Icon@2x.png in Resources */,
				6BF3A8B82187F76E00D1FD64 /* Full Screen Icon@3x.png in Resources */,
				6BF3A8B72187F76E00D1FD64 /* Min. Icon.png in Resources */,
				6BF3A8BD2187F76E00D1FD64 /* Pause Icon@3x.png in Resources */,
				6BF3A8BA2187F76E00D1FD64 /* Sound Icon.png in Resources */,
				6BF3A8BE2187F76E00D1FD64 /* Video Bg@2x.png in Resources */,
				6BF3A8C42187F76E00D1FD64 /* Sound Icon@2x.png in Resources */,
			);
			runOnlyForDeploymentPostprocessing = 0;
		};
/* End PBXResourcesBuildPhase section */

/* Begin PBXShellScriptBuildPhase section */
		CD2904D2DA00F097A500A122 /* [CP] Check Pods Manifest.lock */ = {
			isa = PBXShellScriptBuildPhase;
			buildActionMask = 2147483647;
			files = (
			);
			inputPaths = (
				"${PODS_PODFILE_DIR_PATH}/Podfile.lock",
				"${PODS_ROOT}/Manifest.lock",
			);
			name = "[CP] Check Pods Manifest.lock";
			outputPaths = (
				"$(DERIVED_FILE_DIR)/Pods-MRVLCPlayer-checkManifestLockResult.txt",
			);
			runOnlyForDeploymentPostprocessing = 0;
			shellPath = /bin/sh;
			shellScript = "diff \"${PODS_PODFILE_DIR_PATH}/Podfile.lock\" \"${PODS_ROOT}/Manifest.lock\" > /dev/null\nif [ $? != 0 ] ; then\n    # print error to STDERR\n    echo \"error: The sandbox is not in sync with the Podfile.lock. Run 'pod install' or update your CocoaPods installation.\" >&2\n    exit 1\nfi\n# This output is used by Xcode 'outputs' to avoid re-running this script phase.\necho \"SUCCESS\" > \"${SCRIPT_OUTPUT_FILE_0}\"\n";
			showEnvVarsInLog = 0;
		};
/* End PBXShellScriptBuildPhase section */

/* Begin PBXSourcesBuildPhase section */
		6BF3A87C2187F4F100D1FD64 /* Sources */ = {
			isa = PBXSourcesBuildPhase;
			buildActionMask = 2147483647;
			files = (
				6BF3A8882187F4F100D1FD64 /* ViewController.m in Sources */,
				6BF3A8DD2187F85400D1FD64 /* MRVLCPlayer.mm in Sources */,
				6BF3A8932187F4F300D1FD64 /* main.m in Sources */,
				6BF3A8DE2187F85400D1FD64 /* MRVideoControlView.m in Sources */,
				6BF3A8D52187F7F900D1FD64 /* RemoteViewController.m in Sources */,
				6BF3A8DF2187F85400D1FD64 /* MRVideoHUDView.m in Sources */,
				6BF3A8D22187F7EB00D1FD64 /* LocalViewController.m in Sources */,
				6BF3A8852187F4F100D1FD64 /* AppDelegate.m in Sources */,
			);
			runOnlyForDeploymentPostprocessing = 0;
		};
/* End PBXSourcesBuildPhase section */

/* Begin PBXVariantGroup section */
		6BF3A8892187F4F100D1FD64 /* Main.storyboard */ = {
			isa = PBXVariantGroup;
			children = (
				6BF3A88A2187F4F100D1FD64 /* Base */,
			);
			name = Main.storyboard;
			sourceTree = "<group>";
		};
		6BF3A88E2187F4F300D1FD64 /* LaunchScreen.storyboard */ = {
			isa = PBXVariantGroup;
			children = (
				6BF3A88F2187F4F300D1FD64 /* Base */,
			);
			name = LaunchScreen.storyboard;
			sourceTree = "<group>";
		};
/* End PBXVariantGroup section */

/* Begin XCBuildConfiguration section */
		6BF3A8942187F4F300D1FD64 /* Debug */ = {
			isa = XCBuildConfiguration;
			buildSettings = {
				ALWAYS_SEARCH_USER_PATHS = NO;
				CLANG_ANALYZER_NONNULL = YES;
				CLANG_ANALYZER_NUMBER_OBJECT_CONVERSION = YES_AGGRESSIVE;
				CLANG_CXX_LANGUAGE_STANDARD = "gnu++14";
				CLANG_CXX_LIBRARY = "libc++";
				CLANG_ENABLE_MODULES = YES;
				CLANG_ENABLE_OBJC_ARC = YES;
				CLANG_ENABLE_OBJC_WEAK = YES;
				CLANG_WARN_BLOCK_CAPTURE_AUTORELEASING = YES;
				CLANG_WARN_BOOL_CONVERSION = YES;
				CLANG_WARN_COMMA = YES;
				CLANG_WARN_CONSTANT_CONVERSION = YES;
				CLANG_WARN_DEPRECATED_OBJC_IMPLEMENTATIONS = YES;
				CLANG_WARN_DIRECT_OBJC_ISA_USAGE = YES_ERROR;
				CLANG_WARN_DOCUMENTATION_COMMENTS = YES;
				CLANG_WARN_EMPTY_BODY = YES;
				CLANG_WARN_ENUM_CONVERSION = YES;
				CLANG_WARN_INFINITE_RECURSION = YES;
				CLANG_WARN_INT_CONVERSION = YES;
				CLANG_WARN_NON_LITERAL_NULL_CONVERSION = YES;
				CLANG_WARN_OBJC_IMPLICIT_RETAIN_SELF = YES;
				CLANG_WARN_OBJC_LITERAL_CONVERSION = YES;
				CLANG_WARN_OBJC_ROOT_CLASS = YES_ERROR;
				CLANG_WARN_RANGE_LOOP_ANALYSIS = YES;
				CLANG_WARN_STRICT_PROTOTYPES = YES;
				CLANG_WARN_SUSPICIOUS_MOVE = YES;
				CLANG_WARN_UNGUARDED_AVAILABILITY = YES_AGGRESSIVE;
				CLANG_WARN_UNREACHABLE_CODE = YES;
				CLANG_WARN__DUPLICATE_METHOD_MATCH = YES;
				CODE_SIGN_IDENTITY = "iPhone Developer";
				COPY_PHASE_STRIP = NO;
				DEBUG_INFORMATION_FORMAT = dwarf;
				ENABLE_STRICT_OBJC_MSGSEND = YES;
				ENABLE_TESTABILITY = YES;
				GCC_C_LANGUAGE_STANDARD = gnu11;
				GCC_DYNAMIC_NO_PIC = NO;
				GCC_NO_COMMON_BLOCKS = YES;
				GCC_OPTIMIZATION_LEVEL = 0;
				GCC_PREPROCESSOR_DEFINITIONS = (
					"DEBUG=1",
					"$(inherited)",
				);
				GCC_WARN_64_TO_32_BIT_CONVERSION = YES;
				GCC_WARN_ABOUT_RETURN_TYPE = YES_ERROR;
				GCC_WARN_UNDECLARED_SELECTOR = YES;
				GCC_WARN_UNINITIALIZED_AUTOS = YES_AGGRESSIVE;
				GCC_WARN_UNUSED_FUNCTION = YES;
				GCC_WARN_UNUSED_VARIABLE = YES;
				IPHONEOS_DEPLOYMENT_TARGET = 12.0;
				MTL_ENABLE_DEBUG_INFO = INCLUDE_SOURCE;
				MTL_FAST_MATH = YES;
				ONLY_ACTIVE_ARCH = YES;
				SDKROOT = iphoneos;
			};
			name = Debug;
		};
		6BF3A8952187F4F300D1FD64 /* Release */ = {
			isa = XCBuildConfiguration;
			buildSettings = {
				ALWAYS_SEARCH_USER_PATHS = NO;
				CLANG_ANALYZER_NONNULL = YES;
				CLANG_ANALYZER_NUMBER_OBJECT_CONVERSION = YES_AGGRESSIVE;
				CLANG_CXX_LANGUAGE_STANDARD = "gnu++14";
				CLANG_CXX_LIBRARY = "libc++";
				CLANG_ENABLE_MODULES = YES;
				CLANG_ENABLE_OBJC_ARC = YES;
				CLANG_ENABLE_OBJC_WEAK = YES;
				CLANG_WARN_BLOCK_CAPTURE_AUTORELEASING = YES;
				CLANG_WARN_BOOL_CONVERSION = YES;
				CLANG_WARN_COMMA = YES;
				CLANG_WARN_CONSTANT_CONVERSION = YES;
				CLANG_WARN_DEPRECATED_OBJC_IMPLEMENTATIONS = YES;
				CLANG_WARN_DIRECT_OBJC_ISA_USAGE = YES_ERROR;
				CLANG_WARN_DOCUMENTATION_COMMENTS = YES;
				CLANG_WARN_EMPTY_BODY = YES;
				CLANG_WARN_ENUM_CONVERSION = YES;
				CLANG_WARN_INFINITE_RECURSION = YES;
				CLANG_WARN_INT_CONVERSION = YES;
				CLANG_WARN_NON_LITERAL_NULL_CONVERSION = YES;
				CLANG_WARN_OBJC_IMPLICIT_RETAIN_SELF = YES;
				CLANG_WARN_OBJC_LITERAL_CONVERSION = YES;
				CLANG_WARN_OBJC_ROOT_CLASS = YES_ERROR;
				CLANG_WARN_RANGE_LOOP_ANALYSIS = YES;
				CLANG_WARN_STRICT_PROTOTYPES = YES;
				CLANG_WARN_SUSPICIOUS_MOVE = YES;
				CLANG_WARN_UNGUARDED_AVAILABILITY = YES_AGGRESSIVE;
				CLANG_WARN_UNREACHABLE_CODE = YES;
				CLANG_WARN__DUPLICATE_METHOD_MATCH = YES;
				CODE_SIGN_IDENTITY = "iPhone Developer";
				COPY_PHASE_STRIP = NO;
				DEBUG_INFORMATION_FORMAT = "dwarf-with-dsym";
				ENABLE_NS_ASSERTIONS = NO;
				ENABLE_STRICT_OBJC_MSGSEND = YES;
				GCC_C_LANGUAGE_STANDARD = gnu11;
				GCC_NO_COMMON_BLOCKS = YES;
				GCC_WARN_64_TO_32_BIT_CONVERSION = YES;
				GCC_WARN_ABOUT_RETURN_TYPE = YES_ERROR;
				GCC_WARN_UNDECLARED_SELECTOR = YES;
				GCC_WARN_UNINITIALIZED_AUTOS = YES_AGGRESSIVE;
				GCC_WARN_UNUSED_FUNCTION = YES;
				GCC_WARN_UNUSED_VARIABLE = YES;
				IPHONEOS_DEPLOYMENT_TARGET = 12.0;
				MTL_ENABLE_DEBUG_INFO = NO;
				MTL_FAST_MATH = YES;
				SDKROOT = iphoneos;
				VALIDATE_PRODUCT = YES;
			};
			name = Release;
		};
		6BF3A8972187F4F300D1FD64 /* Debug */ = {
			isa = XCBuildConfiguration;
			baseConfigurationReference = 4ED44B7E517D5AE83F6759B9 /* Pods-MRVLCPlayer.debug.xcconfig */;
			buildSettings = {
				ASSETCATALOG_COMPILER_APPICON_NAME = AppIcon;
				CODE_SIGN_STYLE = Automatic;
				INFOPLIST_FILE = MRVLCPlayer/Info.plist;
				LD_RUNPATH_SEARCH_PATHS = (
					"$(inherited)",
					"@executable_path/Frameworks",
				);
				PRODUCT_BUNDLE_IDENTIFIER = com.juntuo168.MRVLCPlayer;
				PRODUCT_NAME = "$(TARGET_NAME)";
				TARGETED_DEVICE_FAMILY = "1,2";
			};
			name = Debug;
		};
		6BF3A8982187F4F300D1FD64 /* Release */ = {
			isa = XCBuildConfiguration;
			baseConfigurationReference = 527384A787AB569CBEA7BDC6 /* Pods-MRVLCPlayer.release.xcconfig */;
			buildSettings = {
				ASSETCATALOG_COMPILER_APPICON_NAME = AppIcon;
				CODE_SIGN_STYLE = Automatic;
				INFOPLIST_FILE = MRVLCPlayer/Info.plist;
				LD_RUNPATH_SEARCH_PATHS = (
					"$(inherited)",
					"@executable_path/Frameworks",
				);
				PRODUCT_BUNDLE_IDENTIFIER = com.juntuo168.MRVLCPlayer;
				PRODUCT_NAME = "$(TARGET_NAME)";
				TARGETED_DEVICE_FAMILY = "1,2";
			};
			name = Release;
		};
/* End XCBuildConfiguration section */

/* Begin XCConfigurationList section */
		6BF3A87B2187F4F100D1FD64 /* Build configuration list for PBXProject "MRVLCPlayer" */ = {
			isa = XCConfigurationList;
			buildConfigurations = (
				6BF3A8942187F4F300D1FD64 /* Debug */,
				6BF3A8952187F4F300D1FD64 /* Release */,
			);
			defaultConfigurationIsVisible = 0;
			defaultConfigurationName = Release;
		};
		6BF3A8962187F4F300D1FD64 /* Build configuration list for PBXNativeTarget "MRVLCPlayer" */ = {
			isa = XCConfigurationList;
			buildConfigurations = (
				6BF3A8972187F4F300D1FD64 /* Debug */,
				6BF3A8982187F4F300D1FD64 /* Release */,
			);
			defaultConfigurationIsVisible = 0;
			defaultConfigurationName = Release;
		};
/* End XCConfigurationList section */
	};
	rootObject = 6BF3A8782187F4F100D1FD64 /* Project object */;
}
